
Microsoft Visual Studio Solution File, Format Version 12.00
# Visual Studio Version 16
VisualStudioVersion = 16.0.33328.57
MinimumVisualStudioVersion = 10.0.40219.1
Project("{FAE04EC0-301F-11D3-BF4B-00C04F79EFBC}") = "Wit.Example_WT901C485", "Wit.Example_WT901C485.csproj", "{72BD5636-4D6D-4D88-91D6-80DB5C5E309F}"
EndProject
Global
	GlobalSection(SolutionConfigurationPlatforms) = preSolution
		Debug|Any CPU = Debug|Any CPU
		Release|Any CPU = Release|Any CPU
	EndGlobalSection
	GlobalSection(ProjectConfigurationPlatforms) = postSolution
		{72BD5636-4D6D-4D88-91D6-80DB5C5E309F}.Debug|Any CPU.ActiveCfg = Debug|Any CPU
		{72BD5636-4D6D-4D88-91D6-80DB5C5E309F}.Debug|Any CPU.Build.0 = Debug|Any CPU
		{72BD5636-4D6D-4D88-91D6-80DB5C5E309F}.Release|Any CPU.ActiveCfg = Release|Any CPU
		{72BD5636-4D6D-4D88-91D6-80DB5C5E309F}.Release|Any CPU.Build.0 = Release|Any CPU
	EndGlobalSection
	GlobalSection(SolutionProperties) = preSolution
		HideSolutionNode = FALSE
	EndGlobalSection
	GlobalSection(ExtensibilityGlobals) = postSolution
		SolutionGuid = {F597DFCF-176E-4807-BCC8-3E896670E951}
	EndGlobalSection
EndGlobal
